
Microsoft Visual Studio Solution File, Format Version 12.00
# Visual Studio Version 17
VisualStudioVersion = 17.11.35327.3
MinimumVisualStudioVersion = 10.0.40219.1
Project("{FAE04EC0-301F-11D3-BF4B-00C04F79EFBC}") = "SociosApp1", "SociosApp1\SociosApp1.csproj", "{40DEE723-638D-4BE3-BFC8-BB5717E0AA79}"
EndProject
Global
	GlobalSection(SolutionConfigurationPlatforms) = preSolution
		Debug|Any CPU = Debug|Any CPU
		Release|Any CPU = Release|Any CPU
	EndGlobalSection
	GlobalSection(ProjectConfigurationPlatforms) = postSolution
		{40DEE723-638D-4BE3-BFC8-BB5717E0AA79}.Debug|Any CPU.ActiveCfg = Debug|Any CPU
		{40DEE723-638D-4BE3-BFC8-BB5717E0AA79}.Debug|Any CPU.Build.0 = Debug|Any CPU
		{40DEE723-638D-4BE3-BFC8-BB5717E0AA79}.Release|Any CPU.ActiveCfg = Release|Any CPU
		{40DEE723-638D-4BE3-BFC8-BB5717E0AA79}.Release|Any CPU.Build.0 = Release|Any CPU
	EndGlobalSection
	GlobalSection(SolutionProperties) = preSolution
		HideSolutionNode = FALSE
	EndGlobalSection
	GlobalSection(ExtensibilityGlobals) = postSolution
		SolutionGuid = {96B924D6-135E-4C1F-A0B7-5161E5458F96}
	EndGlobalSection
EndGlobal
